
Microsoft Visual Studio Solution File, Format Version 12.00
# Visual Studio 15
VisualStudioVersion = 15.0.28307.645
MinimumVisualStudioVersion = 10.0.40219.1
Project("{FAE04EC0-301F-11D3-BF4B-00C04F79EFBC}") = "QProSapAddIn", "QProSapAddIn\QProSapAddIn.csproj", "{9981ECFC-DB03-4FF9-9F1F-19C092CFECC7}"
EndProject
Project("{FAE04EC0-301F-11D3-BF4B-00C04F79EFBC}") = "OrclTestConnection", "..\..\OrclTestConnection\OrclTestConnection.csproj", "{837A71F4-8B67-46E1-B9DD-2106B6744FED}"
EndProject
Global
	GlobalSection(SolutionConfigurationPlatforms) = preSolution
		Debug|Any CPU = Debug|Any CPU
		Release|Any CPU = Release|Any CPU
	EndGlobalSection
	GlobalSection(ProjectConfigurationPlatforms) = postSolution
		{9981ECFC-DB03-4FF9-9F1F-19C092CFECC7}.Debug|Any CPU.ActiveCfg = Debug|Any CPU
		{9981ECFC-DB03-4FF9-9F1F-19C092CFECC7}.Debug|Any CPU.Build.0 = Debug|Any CPU
		{9981ECFC-DB03-4FF9-9F1F-19C092CFECC7}.Release|Any CPU.ActiveCfg = Release|Any CPU
		{9981ECFC-DB03-4FF9-9F1F-19C092CFECC7}.Release|Any CPU.Build.0 = Release|Any CPU
		{837A71F4-8B67-46E1-B9DD-2106B6744FED}.Debug|Any CPU.ActiveCfg = Debug|Any CPU
		{837A71F4-8B67-46E1-B9DD-2106B6744FED}.Debug|Any CPU.Build.0 = Debug|Any CPU
		{837A71F4-8B67-46E1-B9DD-2106B6744FED}.Release|Any CPU.ActiveCfg = Release|Any CPU
		{837A71F4-8B67-46E1-B9DD-2106B6744FED}.Release|Any CPU.Build.0 = Release|Any CPU
	EndGlobalSection
	GlobalSection(SolutionProperties) = preSolution
		HideSolutionNode = FALSE
	EndGlobalSection
	GlobalSection(ExtensibilityGlobals) = postSolution
		SolutionGuid = {2E9A3ED9-689E-4479-AE39-C9BBFBD1059B}
	EndGlobalSection
EndGlobal
